
Microsoft Visual Studio Solution File, Format Version 12.00
# Visual Studio Version 16
VisualStudioVersion = 16.0.30517.126
MinimumVisualStudioVersion = 10.0.40219.1
Project("{FAE04EC0-301F-11D3-BF4B-00C04F79EFBC}") = "ServerCodeMtk-P2-20180140013", "ServerCodeMtk-P2-20180140013\ServerCodeMtk-P2-20180140013.csproj", "{C2394107-1D33-4453-B02A-DABE0B4BD5CA}"
EndProject
Global
	GlobalSection(SolutionConfigurationPlatforms) = preSolution
		Debug|Any CPU = Debug|Any CPU
		Release|Any CPU = Release|Any CPU
	EndGlobalSection
	GlobalSection(ProjectConfigurationPlatforms) = postSolution
		{C2394107-1D33-4453-B02A-DABE0B4BD5CA}.Debug|Any CPU.ActiveCfg = Debug|Any CPU
		{C2394107-1D33-4453-B02A-DABE0B4BD5CA}.Debug|Any CPU.Build.0 = Debug|Any CPU
		{C2394107-1D33-4453-B02A-DABE0B4BD5CA}.Release|Any CPU.ActiveCfg = Release|Any CPU
		{C2394107-1D33-4453-B02A-DABE0B4BD5CA}.Release|Any CPU.Build.0 = Release|Any CPU
	EndGlobalSection
	GlobalSection(SolutionProperties) = preSolution
		HideSolutionNode = FALSE
	EndGlobalSection
	GlobalSection(ExtensibilityGlobals) = postSolution
		SolutionGuid = {3385C15E-3070-47D4-BCD9-D677F4667C65}
	EndGlobalSection
EndGlobal
